// !$*UTF8*$!
{
	archiveVersion = 1;
	classes = {
	};
	objectVersion = 56;
	objects = {

/* Begin PBXBuildFile section */
		0C5F54AE29DC56390059647C /* FAPProvider.swift in Sources */ = {isa = PBXBuildFile; fileRef = 0C5F54AD29DC56390059647C /* FAPProvider.swift */; };
		0C5F54B029DC57050059647C /* FAPKeyPath.swift in Sources */ = {isa = PBXBuildFile; fileRef = 0C5F54AF29DC57050059647C /* FAPKeyPath.swift */; };
		0C5F54B329DC5D2C0059647C /* FAPFlag.swift in Sources */ = {isa = PBXBuildFile; fileRef = 0C5F54B229DC5D2C0059647C /* FAPFlag.swift */; };
		0C5F54B729DC5EF70059647C /* FAPLoader.swift in Sources */ = {isa = PBXBuildFile; fileRef = 0C5F54B629DC5EF60059647C /* FAPLoader.swift */; };
		0C5F54BA29DC5FAF0059647C /* FAPCollection.swift in Sources */ = {isa = PBXBuildFile; fileRef = 0C5F54B929DC5FAF0059647C /* FAPCollection.swift */; };
		0C5F54BC29DC60A80059647C /* FAPLoaderWrapper.swift in Sources */ = {isa = PBXBuildFile; fileRef = 0C5F54BB29DC60A80059647C /* FAPLoaderWrapper.swift */; };
		0C5F54C229DC9BDA0059647C /* FAPRemoteProvider.swift in Sources */ = {isa = PBXBuildFile; fileRef = 0C5F54C129DC9BDA0059647C /* FAPRemoteProvider.swift */; };
		0C5F54C429DC9C900059647C /* APIService.swift in Sources */ = {isa = PBXBuildFile; fileRef = 0C5F54C329DC9C900059647C /* APIService.swift */; };
		0C5F54C729DC9E2B0059647C /* config.json in Resources */ = {isa = PBXBuildFile; fileRef = 0C5F54C629DC9E2B0059647C /* config.json */; };
		0C5F54C929DC9E4F0059647C /* FAPLocalProvider.swift in Sources */ = {isa = PBXBuildFile; fileRef = 0C5F54C829DC9E4F0059647C /* FAPLocalProvider.swift */; };
		0C5F54CE29DCA0830059647C /* Configuration.swift in Sources */ = {isa = PBXBuildFile; fileRef = 0C5F54CD29DCA0830059647C /* Configuration.swift */; };
		0C5F54D029DCA3300059647C /* Configuration.Collection.swift in Sources */ = {isa = PBXBuildFile; fileRef = 0C5F54CF29DCA3300059647C /* Configuration.Collection.swift */; };
		0C5F54D229DCA34F0059647C /* Configuration.Flag.swift in Sources */ = {isa = PBXBuildFile; fileRef = 0C5F54D129DCA34F0059647C /* Configuration.Flag.swift */; };
		0C5F54D429DCA3630059647C /* Configuration.Condition.swift in Sources */ = {isa = PBXBuildFile; fileRef = 0C5F54D329DCA3630059647C /* Configuration.Condition.swift */; };
		0C5F54DA29DCAC050059647C /* FAPConditionType.swift in Sources */ = {isa = PBXBuildFile; fileRef = 0C5F54D929DCAC050059647C /* FAPConditionType.swift */; };
		0C5F54DC29DCAC470059647C /* FAPConditionResolver.swift in Sources */ = {isa = PBXBuildFile; fileRef = 0C5F54DB29DCAC470059647C /* FAPConditionResolver.swift */; };
		0C5F54DE29DCAD140059647C /* AppSessionService.swift in Sources */ = {isa = PBXBuildFile; fileRef = 0C5F54DD29DCAD140059647C /* AppSessionService.swift */; };
		0C5F54E029DCB34E0059647C /* FAPDebugProvider.swift in Sources */ = {isa = PBXBuildFile; fileRef = 0C5F54DF29DCB34E0059647C /* FAPDebugProvider.swift */; };
		0C5F54E229DCB3ED0059647C /* FAPSettingsProvider.swift in Sources */ = {isa = PBXBuildFile; fileRef = 0C5F54E129DCB3ED0059647C /* FAPSettingsProvider.swift */; };
		0CA0CF0329DD7E84007FAAEA /* FAPMainCollection.swift in Sources */ = {isa = PBXBuildFile; fileRef = 0CA0CF0229DD7E84007FAAEA /* FAPMainCollection.swift */; };
		0CA0CF0629DD7ED9007FAAEA /* FAPKeyPath+Windy.swift in Sources */ = {isa = PBXBuildFile; fileRef = 0CA0CF0529DD7ED9007FAAEA /* FAPKeyPath+Windy.swift */; };
		0CA0CF0929DD7FB3007FAAEA /* FAPIValue+BasicTypes.swift in Sources */ = {isa = PBXBuildFile; fileRef = 0CA0CF0829DD7FB3007FAAEA /* FAPIValue+BasicTypes.swift */; };
		0CA0CF0D29DD81B2007FAAEA /* UIColor+Hex.swift in Sources */ = {isa = PBXBuildFile; fileRef = 0CA0CF0C29DD81B2007FAAEA /* UIColor+Hex.swift */; };
		0CA0CF1329DD89E0007FAAEA /* FAPRootCollection.swift in Sources */ = {isa = PBXBuildFile; fileRef = 0CA0CF1229DD89E0007FAAEA /* FAPRootCollection.swift */; };
		0CA0CF1629DD8B06007FAAEA /* WNDFAPLoader.swift in Sources */ = {isa = PBXBuildFile; fileRef = 0CA0CF1529DD8B06007FAAEA /* WNDFAPLoader.swift */; };
		0CA0CF1829DD9379007FAAEA /* LogService.swift in Sources */ = {isa = PBXBuildFile; fileRef = 0CA0CF1729DD9379007FAAEA /* LogService.swift */; };
		0CA0CF1D29DDB896007FAAEA /* WeakObserver.swift in Sources */ = {isa = PBXBuildFile; fileRef = 0CA0CF1C29DDB896007FAAEA /* WeakObserver.swift */; };
		0CA0CF1F29DDBBCE007FAAEA /* String+Helpers.swift in Sources */ = {isa = PBXBuildFile; fileRef = 0CA0CF1E29DDBBCE007FAAEA /* String+Helpers.swift */; };
		0CA0CF2229DDFC94007FAAEA /* DebugView.swift in Sources */ = {isa = PBXBuildFile; fileRef = 0CA0CF2129DDFC94007FAAEA /* DebugView.swift */; };
		0CA0CF2429DDFCB0007FAAEA /* DebugView.Controller.swift in Sources */ = {isa = PBXBuildFile; fileRef = 0CA0CF2329DDFCB0007FAAEA /* DebugView.Controller.swift */; };
		0CA0CF2629DDFCDC007FAAEA /* DebugView.Model.swift in Sources */ = {isa = PBXBuildFile; fileRef = 0CA0CF2529DDFCDC007FAAEA /* DebugView.Model.swift */; };
		0CA0CF2A29DE09E5007FAAEA /* DebugView.Cell.swift in Sources */ = {isa = PBXBuildFile; fileRef = 0CA0CF2929DE09E5007FAAEA /* DebugView.Cell.swift */; };
		0CA0CF2C29DEBFF3007FAAEA /* UIAlertController+TextField.swift in Sources */ = {isa = PBXBuildFile; fileRef = 0CA0CF2B29DEBFF3007FAAEA /* UIAlertController+TextField.swift */; };
		0CA0CF3029DEDE8F007FAAEA /* MainTextConfig.swift in Sources */ = {isa = PBXBuildFile; fileRef = 0CA0CF2F29DEDE8F007FAAEA /* MainTextConfig.swift */; };
		0CA0CF3529DEEF1E007FAAEA /* DebugEditView.swift in Sources */ = {isa = PBXBuildFile; fileRef = 0CA0CF3429DEEF1E007FAAEA /* DebugEditView.swift */; };
		0CA0CF3729DEEF39007FAAEA /* DebugEditView.Controller.swift in Sources */ = {isa = PBXBuildFile; fileRef = 0CA0CF3629DEEF39007FAAEA /* DebugEditView.Controller.swift */; };
		0CA0CF3929DEEF4A007FAAEA /* DebugEditView.Model.swift in Sources */ = {isa = PBXBuildFile; fileRef = 0CA0CF3829DEEF4A007FAAEA /* DebugEditView.Model.swift */; };
		0CA0CF3B29DEF4CA007FAAEA /* Error+Debug.swift in Sources */ = {isa = PBXBuildFile; fileRef = 0CA0CF3A29DEF4CA007FAAEA /* Error+Debug.swift */; };
		0CA0CF3D29DF2B94007FAAEA /* FAPMapCollection.swift in Sources */ = {isa = PBXBuildFile; fileRef = 0CA0CF3C29DF2B94007FAAEA /* FAPMapCollection.swift */; };
		0CAA72FE29DC43560077A409 /* AppDelegate.swift in Sources */ = {isa = PBXBuildFile; fileRef = 0CAA72FD29DC43560077A409 /* AppDelegate.swift */; };
		0CAA730729DC43570077A409 /* Assets.xcassets in Resources */ = {isa = PBXBuildFile; fileRef = 0CAA730629DC43570077A409 /* Assets.xcassets */; };
		0CAA730A29DC43570077A409 /* LaunchScreen.storyboard in Resources */ = {isa = PBXBuildFile; fileRef = 0CAA730829DC43570077A409 /* LaunchScreen.storyboard */; };
		0CAA731429DC43AA0077A409 /* MainView.swift in Sources */ = {isa = PBXBuildFile; fileRef = 0CAA731329DC43AA0077A409 /* MainView.swift */; };
		0CAA731629DC43BF0077A409 /* MainView.Controller.swift in Sources */ = {isa = PBXBuildFile; fileRef = 0CAA731529DC43BF0077A409 /* MainView.Controller.swift */; };
		0CAA731A29DC47460077A409 /* FAPIValue.swift in Sources */ = {isa = PBXBuildFile; fileRef = 0CAA731929DC47460077A409 /* FAPIValue.swift */; };
/* End PBXBuildFile section */

/* Begin PBXFileReference section */
		0C5F54AD29DC56390059647C /* FAPProvider.swift */ = {isa = PBXFileReference; lastKnownFileType = sourcecode.swift; path = FAPProvider.swift; sourceTree = "<group>"; };
		0C5F54AF29DC57050059647C /* FAPKeyPath.swift */ = {isa = PBXFileReference; lastKnownFileType = sourcecode.swift; path = FAPKeyPath.swift; sourceTree = "<group>"; };
		0C5F54B229DC5D2C0059647C /* FAPFlag.swift */ = {isa = PBXFileReference; lastKnownFileType = sourcecode.swift; path = FAPFlag.swift; sourceTree = "<group>"; };
		0C5F54B629DC5EF60059647C /* FAPLoader.swift */ = {isa = PBXFileReference; lastKnownFileType = sourcecode.swift; path = FAPLoader.swift; sourceTree = "<group>"; };
		0C5F54B929DC5FAF0059647C /* FAPCollection.swift */ = {isa = PBXFileReference; lastKnownFileType = sourcecode.swift; path = FAPCollection.swift; sourceTree = "<group>"; };
		0C5F54BB29DC60A80059647C /* FAPLoaderWrapper.swift */ = {isa = PBXFileReference; lastKnownFileType = sourcecode.swift; path = FAPLoaderWrapper.swift; sourceTree = "<group>"; };
		0C5F54C129DC9BDA0059647C /* FAPRemoteProvider.swift */ = {isa = PBXFileReference; lastKnownFileType = sourcecode.swift; path = FAPRemoteProvider.swift; sourceTree = "<group>"; };
		0C5F54C329DC9C900059647C /* APIService.swift */ = {isa = PBXFileReference; lastKnownFileType = sourcecode.swift; path = APIService.swift; sourceTree = "<group>"; };
		0C5F54C629DC9E2B0059647C /* config.json */ = {isa = PBXFileReference; lastKnownFileType = text.json; path = config.json; sourceTree = "<group>"; };
		0C5F54C829DC9E4F0059647C /* FAPLocalProvider.swift */ = {isa = PBXFileReference; lastKnownFileType = sourcecode.swift; path = FAPLocalProvider.swift; sourceTree = "<group>"; };
		0C5F54CD29DCA0830059647C /* Configuration.swift */ = {isa = PBXFileReference; lastKnownFileType = sourcecode.swift; path = Configuration.swift; sourceTree = "<group>"; };
		0C5F54CF29DCA3300059647C /* Configuration.Collection.swift */ = {isa = PBXFileReference; lastKnownFileType = sourcecode.swift; path = Configuration.Collection.swift; sourceTree = "<group>"; };
		0C5F54D129DCA34F0059647C /* Configuration.Flag.swift */ = {isa = PBXFileReference; lastKnownFileType = sourcecode.swift; path = Configuration.Flag.swift; sourceTree = "<group>"; };
		0C5F54D329DCA3630059647C /* Configuration.Condition.swift */ = {isa = PBXFileReference; lastKnownFileType = sourcecode.swift; path = Configuration.Condition.swift; sourceTree = "<group>"; };
		0C5F54D929DCAC050059647C /* FAPConditionType.swift */ = {isa = PBXFileReference; lastKnownFileType = sourcecode.swift; path = FAPConditionType.swift; sourceTree = "<group>"; };
		0C5F54DB29DCAC470059647C /* FAPConditionResolver.swift */ = {isa = PBXFileReference; lastKnownFileType = sourcecode.swift; path = FAPConditionResolver.swift; sourceTree = "<group>"; };
		0C5F54DD29DCAD140059647C /* AppSessionService.swift */ = {isa = PBXFileReference; lastKnownFileType = sourcecode.swift; path = AppSessionService.swift; sourceTree = "<group>"; };
		0C5F54DF29DCB34E0059647C /* FAPDebugProvider.swift */ = {isa = PBXFileReference; lastKnownFileType = sourcecode.swift; path = FAPDebugProvider.swift; sourceTree = "<group>"; };
		0C5F54E129DCB3ED0059647C /* FAPSettingsProvider.swift */ = {isa = PBXFileReference; lastKnownFileType = sourcecode.swift; path = FAPSettingsProvider.swift; sourceTree = "<group>"; };
		0CA0CF0229DD7E84007FAAEA /* FAPMainCollection.swift */ = {isa = PBXFileReference; lastKnownFileType = sourcecode.swift; path = FAPMainCollection.swift; sourceTree = "<group>"; };
		0CA0CF0529DD7ED9007FAAEA /* FAPKeyPath+Windy.swift */ = {isa = PBXFileReference; lastKnownFileType = sourcecode.swift; path = "FAPKeyPath+Windy.swift"; sourceTree = "<group>"; };
		0CA0CF0829DD7FB3007FAAEA /* FAPIValue+BasicTypes.swift */ = {isa = PBXFileReference; lastKnownFileType = sourcecode.swift; path = "FAPIValue+BasicTypes.swift"; sourceTree = "<group>"; };
		0CA0CF0C29DD81B2007FAAEA /* UIColor+Hex.swift */ = {isa = PBXFileReference; lastKnownFileType = sourcecode.swift; path = "UIColor+Hex.swift"; sourceTree = "<group>"; };
		0CA0CF1229DD89E0007FAAEA /* FAPRootCollection.swift */ = {isa = PBXFileReference; lastKnownFileType = sourcecode.swift; path = FAPRootCollection.swift; sourceTree = "<group>"; };
		0CA0CF1529DD8B06007FAAEA /* WNDFAPLoader.swift */ = {isa = PBXFileReference; lastKnownFileType = sourcecode.swift; path = WNDFAPLoader.swift; sourceTree = "<group>"; };
		0CA0CF1729DD9379007FAAEA /* LogService.swift */ = {isa = PBXFileReference; lastKnownFileType = sourcecode.swift; path = LogService.swift; sourceTree = "<group>"; };
		0CA0CF1C29DDB896007FAAEA /* WeakObserver.swift */ = {isa = PBXFileReference; lastKnownFileType = sourcecode.swift; path = WeakObserver.swift; sourceTree = "<group>"; };
		0CA0CF1E29DDBBCE007FAAEA /* String+Helpers.swift */ = {isa = PBXFileReference; lastKnownFileType = sourcecode.swift; path = "String+Helpers.swift"; sourceTree = "<group>"; };
		0CA0CF2129DDFC94007FAAEA /* DebugView.swift */ = {isa = PBXFileReference; lastKnownFileType = sourcecode.swift; path = DebugView.swift; sourceTree = "<group>"; };
		0CA0CF2329DDFCB0007FAAEA /* DebugView.Controller.swift */ = {isa = PBXFileReference; lastKnownFileType = sourcecode.swift; path = DebugView.Controller.swift; sourceTree = "<group>"; };
		0CA0CF2529DDFCDC007FAAEA /* DebugView.Model.swift */ = {isa = PBXFileReference; lastKnownFileType = sourcecode.swift; path = DebugView.Model.swift; sourceTree = "<group>"; };
		0CA0CF2929DE09E5007FAAEA /* DebugView.Cell.swift */ = {isa = PBXFileReference; lastKnownFileType = sourcecode.swift; path = DebugView.Cell.swift; sourceTree = "<group>"; };
		0CA0CF2B29DEBFF3007FAAEA /* UIAlertController+TextField.swift */ = {isa = PBXFileReference; lastKnownFileType = sourcecode.swift; path = "UIAlertController+TextField.swift"; sourceTree = "<group>"; };
		0CA0CF2F29DEDE8F007FAAEA /* MainTextConfig.swift */ = {isa = PBXFileReference; lastKnownFileType = sourcecode.swift; path = MainTextConfig.swift; sourceTree = "<group>"; };
		0CA0CF3429DEEF1E007FAAEA /* DebugEditView.swift */ = {isa = PBXFileReference; lastKnownFileType = sourcecode.swift; path = DebugEditView.swift; sourceTree = "<group>"; };
		0CA0CF3629DEEF39007FAAEA /* DebugEditView.Controller.swift */ = {isa = PBXFileReference; lastKnownFileType = sourcecode.swift; path = DebugEditView.Controller.swift; sourceTree = "<group>"; };
		0CA0CF3829DEEF4A007FAAEA /* DebugEditView.Model.swift */ = {isa = PBXFileReference; lastKnownFileType = sourcecode.swift; path = DebugEditView.Model.swift; sourceTree = "<group>"; };
		0CA0CF3A29DEF4CA007FAAEA /* Error+Debug.swift */ = {isa = PBXFileReference; lastKnownFileType = sourcecode.swift; path = "Error+Debug.swift"; sourceTree = "<group>"; };
		0CA0CF3C29DF2B94007FAAEA /* FAPMapCollection.swift */ = {isa = PBXFileReference; lastKnownFileType = sourcecode.swift; path = FAPMapCollection.swift; sourceTree = "<group>"; };
		0CAA72FA29DC43560077A409 /* abdemo.app */ = {isa = PBXFileReference; explicitFileType = wrapper.application; includeInIndex = 0; path = abdemo.app; sourceTree = BUILT_PRODUCTS_DIR; };
		0CAA72FD29DC43560077A409 /* AppDelegate.swift */ = {isa = PBXFileReference; lastKnownFileType = sourcecode.swift; path = AppDelegate.swift; sourceTree = "<group>"; };
		0CAA730629DC43570077A409 /* Assets.xcassets */ = {isa = PBXFileReference; lastKnownFileType = folder.assetcatalog; path = Assets.xcassets; sourceTree = "<group>"; };
		0CAA730929DC43570077A409 /* Base */ = {isa = PBXFileReference; lastKnownFileType = file.storyboard; name = Base; path = Base.lproj/LaunchScreen.storyboard; sourceTree = "<group>"; };
		0CAA730B29DC43570077A409 /* Info.plist */ = {isa = PBXFileReference; lastKnownFileType = text.plist.xml; path = Info.plist; sourceTree = "<group>"; };
		0CAA731329DC43AA0077A409 /* MainView.swift */ = {isa = PBXFileReference; lastKnownFileType = sourcecode.swift; path = MainView.swift; sourceTree = "<group>"; };
		0CAA731529DC43BF0077A409 /* MainView.Controller.swift */ = {isa = PBXFileReference; lastKnownFileType = sourcecode.swift; path = MainView.Controller.swift; sourceTree = "<group>"; };
		0CAA731929DC47460077A409 /* FAPIValue.swift */ = {isa = PBXFileReference; lastKnownFileType = sourcecode.swift; path = FAPIValue.swift; sourceTree = "<group>"; };
/* End PBXFileReference section */

/* Begin PBXFrameworksBuildPhase section */
		0CAA72F729DC43560077A409 /* Frameworks */ = {
			isa = PBXFrameworksBuildPhase;
			buildActionMask = 2147483647;
			files = (
			);
			runOnlyForDeploymentPostprocessing = 0;
		};
/* End PBXFrameworksBuildPhase section */

/* Begin PBXGroup section */
		0C5F54AB29DC56180059647C /* Flags */ = {
			isa = PBXGroup;
			children = (
				0CA0CF0729DD7F98007FAAEA /* FAPValue */,
				0C5F54AF29DC57050059647C /* FAPKeyPath.swift */,
				0C5F54B229DC5D2C0059647C /* FAPFlag.swift */,
			);
			path = Flags;
			sourceTree = "<group>";
		};
		0C5F54B429DC5D650059647C /* Providers */ = {
			isa = PBXGroup;
			children = (
				0C5F54AD29DC56390059647C /* FAPProvider.swift */,
			);
			path = Providers;
			sourceTree = "<group>";
		};
		0C5F54B529DC5EE70059647C /* Loader */ = {
			isa = PBXGroup;
			children = (
				0C5F54B629DC5EF60059647C /* FAPLoader.swift */,
				0C5F54BB29DC60A80059647C /* FAPLoaderWrapper.swift */,
			);
			path = Loader;
			sourceTree = "<group>";
		};
		0C5F54B829DC5F830059647C /* Collections */ = {
			isa = PBXGroup;
			children = (
				0C5F54B929DC5FAF0059647C /* FAPCollection.swift */,
			);
			path = Collections;
			sourceTree = "<group>";
		};
		0C5F54BD29DC9B8D0059647C /* FAP_Internal */ = {
			isa = PBXGroup;
			children = (
				0CA0CF1429DD8B00007FAAEA /* Loader */,
				0C5F54D829DCABF50059647C /* Conditions */,
				0C5F54CA29DCA0600059647C /* Models */,
				0C5F54BE29DC9B960059647C /* Providers */,
				0CA0CEFD29DD7CDF007FAAEA /* Collections */,
				0CA0CF0429DD7EB9007FAAEA /* Flags */,
			);
			path = FAP_Internal;
			sourceTree = "<group>";
		};
		0C5F54BE29DC9B960059647C /* Providers */ = {
			isa = PBXGroup;
			children = (
				0C5F54DF29DCB34E0059647C /* FAPDebugProvider.swift */,
				0C5F54E129DCB3ED0059647C /* FAPSettingsProvider.swift */,
				0C5F54C129DC9BDA0059647C /* FAPRemoteProvider.swift */,
				0C5F54C829DC9E4F0059647C /* FAPLocalProvider.swift */,
			);
			path = Providers;
			sourceTree = "<group>";
		};
		0C5F54C529DC9E1B0059647C /* Resources */ = {
			isa = PBXGroup;
			children = (
				0C5F54C629DC9E2B0059647C /* config.json */,
			);
			path = Resources;
			sourceTree = "<group>";
		};
		0C5F54CA29DCA0600059647C /* Models */ = {
			isa = PBXGroup;
			children = (
				0CA0CF2F29DEDE8F007FAAEA /* MainTextConfig.swift */,
				0C5F54CD29DCA0830059647C /* Configuration.swift */,
				0C5F54CF29DCA3300059647C /* Configuration.Collection.swift */,
				0C5F54D129DCA34F0059647C /* Configuration.Flag.swift */,
				0C5F54D329DCA3630059647C /* Configuration.Condition.swift */,
			);
			path = Models;
			sourceTree = "<group>";
		};
		0C5F54D829DCABF50059647C /* Conditions */ = {
			isa = PBXGroup;
			children = (
				0C5F54D929DCAC050059647C /* FAPConditionType.swift */,
				0C5F54DB29DCAC470059647C /* FAPConditionResolver.swift */,
			);
			path = Conditions;
			sourceTree = "<group>";
		};
		0CA0CEFD29DD7CDF007FAAEA /* Collections */ = {
			isa = PBXGroup;
			children = (
				0CA0CF1229DD89E0007FAAEA /* FAPRootCollection.swift */,
				0CA0CF0229DD7E84007FAAEA /* FAPMainCollection.swift */,
				0CA0CF3C29DF2B94007FAAEA /* FAPMapCollection.swift */,
			);
			path = Collections;
			sourceTree = "<group>";
		};
		0CA0CF0429DD7EB9007FAAEA /* Flags */ = {
			isa = PBXGroup;
			children = (
				0CA0CF0529DD7ED9007FAAEA /* FAPKeyPath+Windy.swift */,
			);
			path = Flags;
			sourceTree = "<group>";
		};
		0CA0CF0729DD7F98007FAAEA /* FAPValue */ = {
			isa = PBXGroup;
			children = (
				0CAA731929DC47460077A409 /* FAPIValue.swift */,
				0CA0CF0829DD7FB3007FAAEA /* FAPIValue+BasicTypes.swift */,
			);
			path = FAPValue;
			sourceTree = "<group>";
		};
		0CA0CF0A29DD81A2007FAAEA /* Extensions */ = {
			isa = PBXGroup;
			children = (
				0CA0CF2B29DEBFF3007FAAEA /* UIAlertController+TextField.swift */,
				0CA0CF0C29DD81B2007FAAEA /* UIColor+Hex.swift */,
				0CA0CF1E29DDBBCE007FAAEA /* String+Helpers.swift */,
				0CA0CF3A29DEF4CA007FAAEA /* Error+Debug.swift */,
			);
			path = Extensions;
			sourceTree = "<group>";
		};
		0CA0CF1429DD8B00007FAAEA /* Loader */ = {
			isa = PBXGroup;
			children = (
				0CA0CF1529DD8B06007FAAEA /* WNDFAPLoader.swift */,
			);
			path = Loader;
			sourceTree = "<group>";
		};
		0CA0CF1929DDB819007FAAEA /* Helpers */ = {
			isa = PBXGroup;
			children = (
				0CA0CF1C29DDB896007FAAEA /* WeakObserver.swift */,
			);
			path = Helpers;
			sourceTree = "<group>";
		};
		0CA0CF2029DDFC89007FAAEA /* DebugView */ = {
			isa = PBXGroup;
			children = (
				0CA0CF2129DDFC94007FAAEA /* DebugView.swift */,
				0CA0CF2329DDFCB0007FAAEA /* DebugView.Controller.swift */,
				0CA0CF2529DDFCDC007FAAEA /* DebugView.Model.swift */,
				0CA0CF2929DE09E5007FAAEA /* DebugView.Cell.swift */,
			);
			path = DebugView;
			sourceTree = "<group>";
		};
		0CA0CF3129DEEEEC007FAAEA /* DebugEditView */ = {
			isa = PBXGroup;
			children = (
				0CA0CF3429DEEF1E007FAAEA /* DebugEditView.swift */,
				0CA0CF3629DEEF39007FAAEA /* DebugEditView.Controller.swift */,
				0CA0CF3829DEEF4A007FAAEA /* DebugEditView.Model.swift */,
			);
			path = DebugEditView;
			sourceTree = "<group>";
		};
		0CAA72F129DC43560077A409 = {
			isa = PBXGroup;
			children = (
				0CAA72FC29DC43560077A409 /* abdemo */,
				0CAA72FB29DC43560077A409 /* Products */,
			);
			sourceTree = "<group>";
		};
		0CAA72FB29DC43560077A409 /* Products */ = {
			isa = PBXGroup;
			children = (
				0CAA72FA29DC43560077A409 /* abdemo.app */,
			);
			name = Products;
			sourceTree = "<group>";
		};
		0CAA72FC29DC43560077A409 /* abdemo */ = {
			isa = PBXGroup;
			children = (
				0CAA72FD29DC43560077A409 /* AppDelegate.swift */,
				0CAA731129DC439D0077A409 /* Screens */,
				0CAA731729DC44E00077A409 /* Services */,
				0CA0CF0A29DD81A2007FAAEA /* Extensions */,
				0CA0CF1929DDB819007FAAEA /* Helpers */,
				0C5F54C529DC9E1B0059647C /* Resources */,
				0CAA730629DC43570077A409 /* Assets.xcassets */,
				0CAA730829DC43570077A409 /* LaunchScreen.storyboard */,
				0CAA730B29DC43570077A409 /* Info.plist */,
			);
			path = abdemo;
			sourceTree = "<group>";
		};
		0CAA731129DC439D0077A409 /* Screens */ = {
			isa = PBXGroup;
			children = (
				0CAA731229DC43A40077A409 /* MainView */,
				0CA0CF2029DDFC89007FAAEA /* DebugView */,
				0CA0CF3129DEEEEC007FAAEA /* DebugEditView */,
			);
			path = Screens;
			sourceTree = "<group>";
		};
		0CAA731229DC43A40077A409 /* MainView */ = {
			isa = PBXGroup;
			children = (
				0CAA731329DC43AA0077A409 /* MainView.swift */,
				0CAA731529DC43BF0077A409 /* MainView.Controller.swift */,
			);
			path = MainView;
			sourceTree = "<group>";
		};
		0CAA731729DC44E00077A409 /* Services */ = {
			isa = PBXGroup;
			children = (
				0CAA731829DC44E80077A409 /* FAP_Public */,
				0C5F54BD29DC9B8D0059647C /* FAP_Internal */,
				0C5F54DD29DCAD140059647C /* AppSessionService.swift */,
				0C5F54C329DC9C900059647C /* APIService.swift */,
				0CA0CF1729DD9379007FAAEA /* LogService.swift */,
			);
			path = Services;
			sourceTree = "<group>";
		};
		0CAA731829DC44E80077A409 /* FAP_Public */ = {
			isa = PBXGroup;
			children = (
				0C5F54B529DC5EE70059647C /* Loader */,
				0C5F54B429DC5D650059647C /* Providers */,
				0C5F54B829DC5F830059647C /* Collections */,
				0C5F54AB29DC56180059647C /* Flags */,
			);
			path = FAP_Public;
			sourceTree = "<group>";
		};
/* End PBXGroup section */

/* Begin PBXNativeTarget section */
		0CAA72F929DC43560077A409 /* abdemo */ = {
			isa = PBXNativeTarget;
			buildConfigurationList = 0CAA730E29DC43570077A409 /* Build configuration list for PBXNativeTarget "abdemo" */;
			buildPhases = (
				0CAA72F629DC43560077A409 /* Sources */,
				0CAA72F729DC43560077A409 /* Frameworks */,
				0CAA72F829DC43560077A409 /* Resources */,
			);
			buildRules = (
			);
			dependencies = (
			);
			name = abdemo;
			productName = abdemo;
			productReference = 0CAA72FA29DC43560077A409 /* abdemo.app */;
			productType = "com.apple.product-type.application";
		};
/* End PBXNativeTarget section */

/* Begin PBXProject section */
		0CAA72F229DC43560077A409 /* Project object */ = {
			isa = PBXProject;
			attributes = {
				BuildIndependentTargetsInParallel = 1;
				LastSwiftUpdateCheck = 1420;
				LastUpgradeCheck = 1420;
				TargetAttributes = {
					0CAA72F929DC43560077A409 = {
						CreatedOnToolsVersion = 14.2;
					};
				};
			};
			buildConfigurationList = 0CAA72F529DC43560077A409 /* Build configuration list for PBXProject "abdemo" */;
			compatibilityVersion = "Xcode 14.0";
			developmentRegion = en;
			hasScannedForEncodings = 0;
			knownRegions = (
				en,
				Base,
			);
			mainGroup = 0CAA72F129DC43560077A409;
			productRefGroup = 0CAA72FB29DC43560077A409 /* Products */;
			projectDirPath = "";
			projectRoot = "";
			targets = (
				0CAA72F929DC43560077A409 /* abdemo */,
			);
		};
/* End PBXProject section */

/* Begin PBXResourcesBuildPhase section */
		0CAA72F829DC43560077A409 /* Resources */ = {
			isa = PBXResourcesBuildPhase;
			buildActionMask = 2147483647;
			files = (
				0CAA730A29DC43570077A409 /* LaunchScreen.storyboard in Resources */,
				0CAA730729DC43570077A409 /* Assets.xcassets in Resources */,
				0C5F54C729DC9E2B0059647C /* config.json in Resources */,
			);
			runOnlyForDeploymentPostprocessing = 0;
		};
/* End PBXResourcesBuildPhase section */

/* Begin PBXSourcesBuildPhase section */
		0CAA72F629DC43560077A409 /* Sources */ = {
			isa = PBXSourcesBuildPhase;
			buildActionMask = 2147483647;
			files = (
				0CA0CF3729DEEF39007FAAEA /* DebugEditView.Controller.swift in Sources */,
				0C5F54DE29DCAD140059647C /* AppSessionService.swift in Sources */,
				0C5F54B729DC5EF70059647C /* FAPLoader.swift in Sources */,
				0CA0CF3929DEEF4A007FAAEA /* DebugEditView.Model.swift in Sources */,
				0CA0CF0929DD7FB3007FAAEA /* FAPIValue+BasicTypes.swift in Sources */,
				0CA0CF2629DDFCDC007FAAEA /* DebugView.Model.swift in Sources */,
				0CA0CF3529DEEF1E007FAAEA /* DebugEditView.swift in Sources */,
				0CA0CF0D29DD81B2007FAAEA /* UIColor+Hex.swift in Sources */,
				0CA0CF3D29DF2B94007FAAEA /* FAPMapCollection.swift in Sources */,
				0CA0CF1629DD8B06007FAAEA /* WNDFAPLoader.swift in Sources */,
				0CA0CF2C29DEBFF3007FAAEA /* UIAlertController+TextField.swift in Sources */,
				0C5F54E029DCB34E0059647C /* FAPDebugProvider.swift in Sources */,
				0C5F54B329DC5D2C0059647C /* FAPFlag.swift in Sources */,
				0C5F54D029DCA3300059647C /* Configuration.Collection.swift in Sources */,
				0C5F54D229DCA34F0059647C /* Configuration.Flag.swift in Sources */,
				0C5F54CE29DCA0830059647C /* Configuration.swift in Sources */,
				0C5F54BC29DC60A80059647C /* FAPLoaderWrapper.swift in Sources */,
				0CAA72FE29DC43560077A409 /* AppDelegate.swift in Sources */,
				0CA0CF2229DDFC94007FAAEA /* DebugView.swift in Sources */,
				0C5F54BA29DC5FAF0059647C /* FAPCollection.swift in Sources */,
				0CA0CF0629DD7ED9007FAAEA /* FAPKeyPath+Windy.swift in Sources */,
				0CA0CF1829DD9379007FAAEA /* LogService.swift in Sources */,
				0CA0CF3B29DEF4CA007FAAEA /* Error+Debug.swift in Sources */,
				0CA0CF1D29DDB896007FAAEA /* WeakObserver.swift in Sources */,
				0CA0CF0329DD7E84007FAAEA /* FAPMainCollection.swift in Sources */,
				0C5F54B029DC57050059647C /* FAPKeyPath.swift in Sources */,
				0C5F54DC29DCAC470059647C /* FAPConditionResolver.swift in Sources */,
				0C5F54AE29DC56390059647C /* FAPProvider.swift in Sources */,
				0C5F54E229DCB3ED0059647C /* FAPSettingsProvider.swift in Sources */,
				0CA0CF1F29DDBBCE007FAAEA /* String+Helpers.swift in Sources */,
				0CAA731629DC43BF0077A409 /* MainView.Controller.swift in Sources */,
				0CA0CF2429DDFCB0007FAAEA /* DebugView.Controller.swift in Sources */,
				0C5F54C929DC9E4F0059647C /* FAPLocalProvider.swift in Sources */,
				0CAA731429DC43AA0077A409 /* MainView.swift in Sources */,
				0CA0CF2A29DE09E5007FAAEA /* DebugView.Cell.swift in Sources */,
				0CAA731A29DC47460077A409 /* FAPIValue.swift in Sources */,
				0C5F54C429DC9C900059647C /* APIService.swift in Sources */,
				0C5F54C229DC9BDA0059647C /* FAPRemoteProvider.swift in Sources */,
				0C5F54D429DCA3630059647C /* Configuration.Condition.swift in Sources */,
				0C5F54DA29DCAC050059647C /* FAPConditionType.swift in Sources */,
				0CA0CF1329DD89E0007FAAEA /* FAPRootCollection.swift in Sources */,
				0CA0CF3029DEDE8F007FAAEA /* MainTextConfig.swift in Sources */,
			);
			runOnlyForDeploymentPostprocessing = 0;
		};
/* End PBXSourcesBuildPhase section */

/* Begin PBXVariantGroup section */
		0CAA730829DC43570077A409 /* LaunchScreen.storyboard */ = {
			isa = PBXVariantGroup;
			children = (
				0CAA730929DC43570077A409 /* Base */,
			);
			name = LaunchScreen.storyboard;
			sourceTree = "<group>";
		};
/* End PBXVariantGroup section */

/* Begin XCBuildConfiguration section */
		0CAA730C29DC43570077A409 /* Debug */ = {
			isa = XCBuildConfiguration;
			buildSettings = {
				ALWAYS_SEARCH_USER_PATHS = NO;
				CLANG_ANALYZER_NONNULL = YES;
				CLANG_ANALYZER_NUMBER_OBJECT_CONVERSION = YES_AGGRESSIVE;
				CLANG_CXX_LANGUAGE_STANDARD = "gnu++20";
				CLANG_ENABLE_MODULES = YES;
				CLANG_ENABLE_OBJC_ARC = YES;
				CLANG_ENABLE_OBJC_WEAK = YES;
				CLANG_WARN_BLOCK_CAPTURE_AUTORELEASING = YES;
				CLANG_WARN_BOOL_CONVERSION = YES;
				CLANG_WARN_COMMA = YES;
				CLANG_WARN_CONSTANT_CONVERSION = YES;
				CLANG_WARN_DEPRECATED_OBJC_IMPLEMENTATIONS = YES;
				CLANG_WARN_DIRECT_OBJC_ISA_USAGE = YES_ERROR;
				CLANG_WARN_DOCUMENTATION_COMMENTS = YES;
				CLANG_WARN_EMPTY_BODY = YES;
				CLANG_WARN_ENUM_CONVERSION = YES;
				CLANG_WARN_INFINITE_RECURSION = YES;
				CLANG_WARN_INT_CONVERSION = YES;
				CLANG_WARN_NON_LITERAL_NULL_CONVERSION = YES;
				CLANG_WARN_OBJC_IMPLICIT_RETAIN_SELF = YES;
				CLANG_WARN_OBJC_LITERAL_CONVERSION = YES;
				CLANG_WARN_OBJC_ROOT_CLASS = YES_ERROR;
				CLANG_WARN_QUOTED_INCLUDE_IN_FRAMEWORK_HEADER = YES;
				CLANG_WARN_RANGE_LOOP_ANALYSIS = YES;
				CLANG_WARN_STRICT_PROTOTYPES = YES;
				CLANG_WARN_SUSPICIOUS_MOVE = YES;
				CLANG_WARN_UNGUARDED_AVAILABILITY = YES_AGGRESSIVE;
				CLANG_WARN_UNREACHABLE_CODE = YES;
				CLANG_WARN__DUPLICATE_METHOD_MATCH = YES;
				COPY_PHASE_STRIP = NO;
				DEBUG_INFORMATION_FORMAT = dwarf;
				ENABLE_STRICT_OBJC_MSGSEND = YES;
				ENABLE_TESTABILITY = YES;
				GCC_C_LANGUAGE_STANDARD = gnu11;
				GCC_DYNAMIC_NO_PIC = NO;
				GCC_NO_COMMON_BLOCKS = YES;
				GCC_OPTIMIZATION_LEVEL = 0;
				GCC_PREPROCESSOR_DEFINITIONS = (
					"DEBUG=1",
					"$(inherited)",
				);
				GCC_WARN_64_TO_32_BIT_CONVERSION = YES;
				GCC_WARN_ABOUT_RETURN_TYPE = YES_ERROR;
				GCC_WARN_UNDECLARED_SELECTOR = YES;
				GCC_WARN_UNINITIALIZED_AUTOS = YES_AGGRESSIVE;
				GCC_WARN_UNUSED_FUNCTION = YES;
				GCC_WARN_UNUSED_VARIABLE = YES;
				IPHONEOS_DEPLOYMENT_TARGET = 16.2;
				MTL_ENABLE_DEBUG_INFO = INCLUDE_SOURCE;
				MTL_FAST_MATH = YES;
				ONLY_ACTIVE_ARCH = YES;
				SDKROOT = iphoneos;
				SWIFT_ACTIVE_COMPILATION_CONDITIONS = DEBUG;
				SWIFT_OPTIMIZATION_LEVEL = "-Onone";
			};
			name = Debug;
		};
		0CAA730D29DC43570077A409 /* Release */ = {
			isa = XCBuildConfiguration;
			buildSettings = {
				ALWAYS_SEARCH_USER_PATHS = NO;
				CLANG_ANALYZER_NONNULL = YES;
				CLANG_ANALYZER_NUMBER_OBJECT_CONVERSION = YES_AGGRESSIVE;
				CLANG_CXX_LANGUAGE_STANDARD = "gnu++20";
				CLANG_ENABLE_MODULES = YES;
				CLANG_ENABLE_OBJC_ARC = YES;
				CLANG_ENABLE_OBJC_WEAK = YES;
				CLANG_WARN_BLOCK_CAPTURE_AUTORELEASING = YES;
				CLANG_WARN_BOOL_CONVERSION = YES;
				CLANG_WARN_COMMA = YES;
				CLANG_WARN_CONSTANT_CONVERSION = YES;
				CLANG_WARN_DEPRECATED_OBJC_IMPLEMENTATIONS = YES;
				CLANG_WARN_DIRECT_OBJC_ISA_USAGE = YES_ERROR;
				CLANG_WARN_DOCUMENTATION_COMMENTS = YES;
				CLANG_WARN_EMPTY_BODY = YES;
				CLANG_WARN_ENUM_CONVERSION = YES;
				CLANG_WARN_INFINITE_RECURSION = YES;
				CLANG_WARN_INT_CONVERSION = YES;
				CLANG_WARN_NON_LITERAL_NULL_CONVERSION = YES;
				CLANG_WARN_OBJC_IMPLICIT_RETAIN_SELF = YES;
				CLANG_WARN_OBJC_LITERAL_CONVERSION = YES;
				CLANG_WARN_OBJC_ROOT_CLASS = YES_ERROR;
				CLANG_WARN_QUOTED_INCLUDE_IN_FRAMEWORK_HEADER = YES;
				CLANG_WARN_RANGE_LOOP_ANALYSIS = YES;
				CLANG_WARN_STRICT_PROTOTYPES = YES;
				CLANG_WARN_SUSPICIOUS_MOVE = YES;
				CLANG_WARN_UNGUARDED_AVAILABILITY = YES_AGGRESSIVE;
				CLANG_WARN_UNREACHABLE_CODE = YES;
				CLANG_WARN__DUPLICATE_METHOD_MATCH = YES;
				COPY_PHASE_STRIP = NO;
				DEBUG_INFORMATION_FORMAT = "dwarf-with-dsym";
				ENABLE_NS_ASSERTIONS = NO;
				ENABLE_STRICT_OBJC_MSGSEND = YES;
				GCC_C_LANGUAGE_STANDARD = gnu11;
				GCC_NO_COMMON_BLOCKS = YES;
				GCC_WARN_64_TO_32_BIT_CONVERSION = YES;
				GCC_WARN_ABOUT_RETURN_TYPE = YES_ERROR;
				GCC_WARN_UNDECLARED_SELECTOR = YES;
				GCC_WARN_UNINITIALIZED_AUTOS = YES_AGGRESSIVE;
				GCC_WARN_UNUSED_FUNCTION = YES;
				GCC_WARN_UNUSED_VARIABLE = YES;
				IPHONEOS_DEPLOYMENT_TARGET = 16.2;
				MTL_ENABLE_DEBUG_INFO = NO;
				MTL_FAST_MATH = YES;
				SDKROOT = iphoneos;
				SWIFT_COMPILATION_MODE = wholemodule;
				SWIFT_OPTIMIZATION_LEVEL = "-O";
				VALIDATE_PRODUCT = YES;
			};
			name = Release;
		};
		0CAA730F29DC43570077A409 /* Debug */ = {
			isa = XCBuildConfiguration;
			buildSettings = {
				ASSETCATALOG_COMPILER_APPICON_NAME = AppIcon;
				ASSETCATALOG_COMPILER_GLOBAL_ACCENT_COLOR_NAME = AccentColor;
				CODE_SIGN_STYLE = Automatic;
				CURRENT_PROJECT_VERSION = 1;
				DEVELOPMENT_TEAM = GCD2MCUEP4;
				GENERATE_INFOPLIST_FILE = YES;
				INFOPLIST_FILE = abdemo/Info.plist;
				INFOPLIST_KEY_UIApplicationSupportsIndirectInputEvents = YES;
				INFOPLIST_KEY_UILaunchStoryboardName = LaunchScreen;
				INFOPLIST_KEY_UISupportedInterfaceOrientations_iPad = "UIInterfaceOrientationPortrait UIInterfaceOrientationPortraitUpsideDown UIInterfaceOrientationLandscapeLeft UIInterfaceOrientationLandscapeRight";
				INFOPLIST_KEY_UISupportedInterfaceOrientations_iPhone = "UIInterfaceOrientationPortrait UIInterfaceOrientationLandscapeLeft UIInterfaceOrientationLandscapeRight";
				LD_RUNPATH_SEARCH_PATHS = (
					"$(inherited)",
					"@executable_path/Frameworks",
				);
				MARKETING_VERSION = 1.0;
				PRODUCT_BUNDLE_IDENTIFIER = codes.mxm.abdemo;
				PRODUCT_NAME = "$(TARGET_NAME)";
				SWIFT_EMIT_LOC_STRINGS = YES;
				SWIFT_VERSION = 5.0;
				TARGETED_DEVICE_FAMILY = "1,2";
			};
			name = Debug;
		};
		0CAA731029DC43570077A409 /* Release */ = {
			isa = XCBuildConfiguration;
			buildSettings = {
				ASSETCATALOG_COMPILER_APPICON_NAME = AppIcon;
				ASSETCATALOG_COMPILER_GLOBAL_ACCENT_COLOR_NAME = AccentColor;
				CODE_SIGN_STYLE = Automatic;
				CURRENT_PROJECT_VERSION = 1;
				DEVELOPMENT_TEAM = GCD2MCUEP4;
				GENERATE_INFOPLIST_FILE = YES;
				INFOPLIST_FILE = abdemo/Info.plist;
				INFOPLIST_KEY_UIApplicationSupportsIndirectInputEvents = YES;
				INFOPLIST_KEY_UILaunchStoryboardName = LaunchScreen;
				INFOPLIST_KEY_UISupportedInterfaceOrientations_iPad = "UIInterfaceOrientationPortrait UIInterfaceOrientationPortraitUpsideDown UIInterfaceOrientationLandscapeLeft UIInterfaceOrientationLandscapeRight";
				INFOPLIST_KEY_UISupportedInterfaceOrientations_iPhone = "UIInterfaceOrientationPortrait UIInterfaceOrientationLandscapeLeft UIInterfaceOrientationLandscapeRight";
				LD_RUNPATH_SEARCH_PATHS = (
					"$(inherited)",
					"@executable_path/Frameworks",
				);
				MARKETING_VERSION = 1.0;
				PRODUCT_BUNDLE_IDENTIFIER = codes.mxm.abdemo;
				PRODUCT_NAME = "$(TARGET_NAME)";
				SWIFT_EMIT_LOC_STRINGS = YES;
				SWIFT_VERSION = 5.0;
				TARGETED_DEVICE_FAMILY = "1,2";
			};
			name = Release;
		};
/* End XCBuildConfiguration section */

/* Begin XCConfigurationList section */
		0CAA72F529DC43560077A409 /* Build configuration list for PBXProject "abdemo" */ = {
			isa = XCConfigurationList;
			buildConfigurations = (
				0CAA730C29DC43570077A409 /* Debug */,
				0CAA730D29DC43570077A409 /* Release */,
			);
			defaultConfigurationIsVisible = 0;
			defaultConfigurationName = Release;
		};
		0CAA730E29DC43570077A409 /* Build configuration list for PBXNativeTarget "abdemo" */ = {
			isa = XCConfigurationList;
			buildConfigurations = (
				0CAA730F29DC43570077A409 /* Debug */,
				0CAA731029DC43570077A409 /* Release */,
			);
			defaultConfigurationIsVisible = 0;
			defaultConfigurationName = Release;
		};
/* End XCConfigurationList section */
	};
	rootObject = 0CAA72F229DC43560077A409 /* Project object */;
}
